
Microsoft Visual Studio Solution File, Format Version 12.00
# Visual Studio 15
VisualStudioVersion = 15.0.28307.136
MinimumVisualStudioVersion = 10.0.40219.1
Project("{8BC9CEB8-8B4A-11D0-8D11-00A0C91BC942}") = "reverse", "reverse\reverse.vcxproj", "{ED65F45F-534A-45FC-B4C7-9003300C2FDD}"
EndProject
Global
	GlobalSection(SolutionConfigurationPlatforms) = preSolution
		Debug|x64 = Debug|x64
		Debug|x86 = Debug|x86
		Release|x64 = Release|x64
		Release|x86 = Release|x86
	EndGlobalSection
	GlobalSection(ProjectConfigurationPlatforms) = postSolution
		{ED65F45F-534A-45FC-B4C7-9003300C2FDD}.Debug|x64.ActiveCfg = Debug|x64
		{ED65F45F-534A-45FC-B4C7-9003300C2FDD}.Debug|x64.Build.0 = Debug|x64
		{ED65F45F-534A-45FC-B4C7-9003300C2FDD}.Debug|x86.ActiveCfg = Debug|Win32
		{ED65F45F-534A-45FC-B4C7-9003300C2FDD}.Debug|x86.Build.0 = Debug|Win32
		{ED65F45F-534A-45FC-B4C7-9003300C2FDD}.Release|x64.ActiveCfg = Release|x64
		{ED65F45F-534A-45FC-B4C7-9003300C2FDD}.Release|x64.Build.0 = Release|x64
		{ED65F45F-534A-45FC-B4C7-9003300C2FDD}.Release|x86.ActiveCfg = Release|Win32
		{ED65F45F-534A-45FC-B4C7-9003300C2FDD}.Release|x86.Build.0 = Release|Win32
	EndGlobalSection
	GlobalSection(SolutionProperties) = preSolution
		HideSolutionNode = FALSE
	EndGlobalSection
	GlobalSection(ExtensibilityGlobals) = postSolution
		SolutionGuid = {CF7B99A7-EB56-4602-9843-4FBB269A4E2B}
	EndGlobalSection
EndGlobal
